// !$*UTF8*$!
{
	archiveVersion = 1;
	classes = {
	};
	objectVersion = 46;
	objects = {

/* Begin PBXBuildFile section */
		A9B6537D1D6DE6AF00B06086 /* AppDelegate.swift in Sources */ = {isa = PBXBuildFile; fileRef = A9B6537C1D6DE6AF00B06086 /* AppDelegate.swift */; };
		A9B6537F1D6DE6AF00B06086 /* ViewController.swift in Sources */ = {isa = PBXBuildFile; fileRef = A9B6537E1D6DE6AF00B06086 /* ViewController.swift */; };
		A9B653821D6DE6AF00B06086 /* Main.storyboard in Resources */ = {isa = PBXBuildFile; fileRef = A9B653801D6DE6AF00B06086 /* Main.storyboard */; };
		A9B653841D6DE6AF00B06086 /* Assets.xcassets in Resources */ = {isa = PBXBuildFile; fileRef = A9B653831D6DE6AF00B06086 /* Assets.xcassets */; };
		A9B653871D6DE6AF00B06086 /* LaunchScreen.storyboard in Resources */ = {isa = PBXBuildFile; fileRef = A9B653851D6DE6AF00B06086 /* LaunchScreen.storyboard */; };
		A9B6538F1D6DE6F900B06086 /* ZoomController.swift in Sources */ = {isa = PBXBuildFile; fileRef = A9B6538E1D6DE6F900B06086 /* ZoomController.swift */; };
		A9B653911D6DF19A00B06086 /* DetailViewController.swift in Sources */ = {isa = PBXBuildFile; fileRef = A9B653901D6DF19A00B06086 /* DetailViewController.swift */; };
/* End PBXBuildFile section */

/* Begin PBXFileReference section */
		A9B653791D6DE6AF00B06086 /* ZoomViewController.app */ = {isa = PBXFileReference; explicitFileType = wrapper.application; includeInIndex = 0; path = ZoomViewController.app; sourceTree = BUILT_PRODUCTS_DIR; };
		A9B6537C1D6DE6AF00B06086 /* AppDelegate.swift */ = {isa = PBXFileReference; lastKnownFileType = sourcecode.swift; path = AppDelegate.swift; sourceTree = "<group>"; };
		A9B6537E1D6DE6AF00B06086 /* ViewController.swift */ = {isa = PBXFileReference; lastKnownFileType = sourcecode.swift; path = ViewController.swift; sourceTree = "<group>"; };
		A9B653811D6DE6AF00B06086 /* Base */ = {isa = PBXFileReference; lastKnownFileType = file.storyboard; name = Base; path = Base.lproj/Main.storyboard; sourceTree = "<group>"; };
		A9B653831D6DE6AF00B06086 /* Assets.xcassets */ = {isa = PBXFileReference; lastKnownFileType = folder.assetcatalog; path = Assets.xcassets; sourceTree = "<group>"; };
		A9B653861D6DE6AF00B06086 /* Base */ = {isa = PBXFileReference; lastKnownFileType = file.storyboard; name = Base; path = Base.lproj/LaunchScreen.storyboard; sourceTree = "<group>"; };
		A9B653881D6DE6AF00B06086 /* Info.plist */ = {isa = PBXFileReference; lastKnownFileType = text.plist.xml; path = Info.plist; sourceTree = "<group>"; };
		A9B6538E1D6DE6F900B06086 /* ZoomController.swift */ = {isa = PBXFileReference; fileEncoding = 4; lastKnownFileType = sourcecode.swift; path = ZoomController.swift; sourceTree = "<group>"; };
		A9B653901D6DF19A00B06086 /* DetailViewController.swift */ = {isa = PBXFileReference; fileEncoding = 4; lastKnownFileType = sourcecode.swift; path = DetailViewController.swift; sourceTree = "<group>"; };
/* End PBXFileReference section */

/* Begin PBXFrameworksBuildPhase section */
		A9B653761D6DE6AF00B06086 /* Frameworks */ = {
			isa = PBXFrameworksBuildPhase;
			buildActionMask = 2147483647;
			files = (
			);
			runOnlyForDeploymentPostprocessing = 0;
		};
/* End PBXFrameworksBuildPhase section */

/* Begin PBXGroup section */
		A9B653701D6DE6AE00B06086 = {
			isa = PBXGroup;
			children = (
				A9B6537B1D6DE6AF00B06086 /* ZoomViewController */,
				A9B6537A1D6DE6AF00B06086 /* Products */,
			);
			sourceTree = "<group>";
		};
		A9B6537A1D6DE6AF00B06086 /* Products */ = {
			isa = PBXGroup;
			children = (
				A9B653791D6DE6AF00B06086 /* ZoomViewController.app */,
			);
			name = Products;
			sourceTree = "<group>";
		};
		A9B6537B1D6DE6AF00B06086 /* ZoomViewController */ = {
			isa = PBXGroup;
			children = (
				A9B6537C1D6DE6AF00B06086 /* AppDelegate.swift */,
				A9B6537E1D6DE6AF00B06086 /* ViewController.swift */,
				A9B653901D6DF19A00B06086 /* DetailViewController.swift */,
				A9B653801D6DE6AF00B06086 /* Main.storyboard */,
				A9B653831D6DE6AF00B06086 /* Assets.xcassets */,
				A9B653851D6DE6AF00B06086 /* LaunchScreen.storyboard */,
				A9B653881D6DE6AF00B06086 /* Info.plist */,
				A9B6538E1D6DE6F900B06086 /* ZoomController.swift */,
			);
			path = ZoomViewController;
			sourceTree = "<group>";
		};
/* End PBXGroup section */

/* Begin PBXNativeTarget section */
		A9B653781D6DE6AF00B06086 /* ZoomViewController */ = {
			isa = PBXNativeTarget;
			buildConfigurationList = A9B6538B1D6DE6AF00B06086 /* Build configuration list for PBXNativeTarget "ZoomViewController" */;
			buildPhases = (
				A9B653751D6DE6AF00B06086 /* Sources */,
				A9B653761D6DE6AF00B06086 /* Frameworks */,
				A9B653771D6DE6AF00B06086 /* Resources */,
			);
			buildRules = (
			);
			dependencies = (
			);
			name = ZoomViewController;
			productName = ZoomViewController;
			productReference = A9B653791D6DE6AF00B06086 /* ZoomViewController.app */;
			productType = "com.apple.product-type.application";
		};
/* End PBXNativeTarget section */

/* Begin PBXProject section */
		A9B653711D6DE6AF00B06086 /* Project object */ = {
			isa = PBXProject;
			attributes = {
				LastSwiftUpdateCheck = 0730;
				LastUpgradeCheck = 0730;
				ORGANIZATIONNAME = "Matthew Connor";
				TargetAttributes = {
					A9B653781D6DE6AF00B06086 = {
						CreatedOnToolsVersion = 7.3.1;
					};
				};
			};
			buildConfigurationList = A9B653741D6DE6AF00B06086 /* Build configuration list for PBXProject "ZoomViewController" */;
			compatibilityVersion = "Xcode 3.2";
			developmentRegion = English;
			hasScannedForEncodings = 0;
			knownRegions = (
				en,
				Base,
			);
			mainGroup = A9B653701D6DE6AE00B06086;
			productRefGroup = A9B6537A1D6DE6AF00B06086 /* Products */;
			projectDirPath = "";
			projectRoot = "";
			targets = (
				A9B653781D6DE6AF00B06086 /* ZoomViewController */,
			);
		};
/* End PBXProject section */

/* Begin PBXResourcesBuildPhase section */
		A9B653771D6DE6AF00B06086 /* Resources */ = {
			isa = PBXResourcesBuildPhase;
			buildActionMask = 2147483647;
			files = (
				A9B653871D6DE6AF00B06086 /* LaunchScreen.storyboard in Resources */,
				A9B653841D6DE6AF00B06086 /* Assets.xcassets in Resources */,
				A9B653821D6DE6AF00B06086 /* Main.storyboard in Resources */,
			);
			runOnlyForDeploymentPostprocessing = 0;
		};
/* End PBXResourcesBuildPhase section */

/* Begin PBXSourcesBuildPhase section */
		A9B653751D6DE6AF00B06086 /* Sources */ = {
			isa = PBXSourcesBuildPhase;
			buildActionMask = 2147483647;
			files = (
				A9B6537F1D6DE6AF00B06086 /* ViewController.swift in Sources */,
				A9B6538F1D6DE6F900B06086 /* ZoomController.swift in Sources */,
				A9B6537D1D6DE6AF00B06086 /* AppDelegate.swift in Sources */,
				A9B653911D6DF19A00B06086 /* DetailViewController.swift in Sources */,
			);
			runOnlyForDeploymentPostprocessing = 0;
		};
/* End PBXSourcesBuildPhase section */

/* Begin PBXVariantGroup section */
		A9B653801D6DE6AF00B06086 /* Main.storyboard */ = {
			isa = PBXVariantGroup;
			children = (
				A9B653811D6DE6AF00B06086 /* Base */,
			);
			name = Main.storyboard;
			sourceTree = "<group>";
		};
		A9B653851D6DE6AF00B06086 /* LaunchScreen.storyboard */ = {
			isa = PBXVariantGroup;
			children = (
				A9B653861D6DE6AF00B06086 /* Base */,
			);
			name = LaunchScreen.storyboard;
			sourceTree = "<group>";
		};
/* End PBXVariantGroup section */

/* Begin XCBuildConfiguration section */
		A9B653891D6DE6AF00B06086 /* Debug */ = {
			isa = XCBuildConfiguration;
			buildSettings = {
				ALWAYS_SEARCH_USER_PATHS = NO;
				CLANG_ANALYZER_NONNULL = YES;
				CLANG_CXX_LANGUAGE_STANDARD = "gnu++0x";
				CLANG_CXX_LIBRARY = "libc++";
				CLANG_ENABLE_MODULES = YES;
				CLANG_ENABLE_OBJC_ARC = YES;
				CLANG_WARN_BOOL_CONVERSION = YES;
				CLANG_WARN_CONSTANT_CONVERSION = YES;
				CLANG_WARN_DIRECT_OBJC_ISA_USAGE = YES_ERROR;
				CLANG_WARN_EMPTY_BODY = YES;
				CLANG_WARN_ENUM_CONVERSION = YES;
				CLANG_WARN_INT_CONVERSION = YES;
				CLANG_WARN_OBJC_ROOT_CLASS = YES_ERROR;
				CLANG_WARN_UNREACHABLE_CODE = YES;
				CLANG_WARN__DUPLICATE_METHOD_MATCH = YES;
				CODE_SIGN_IDENTITY = "iPhone Developer: Matthew Connor (Q75XJ375N4)";
				"CODE_SIGN_IDENTITY[sdk=iphoneos*]" = "iPhone Developer";
				COPY_PHASE_STRIP = NO;
				DEBUG_INFORMATION_FORMAT = dwarf;
				ENABLE_STRICT_OBJC_MSGSEND = YES;
				ENABLE_TESTABILITY = YES;
				GCC_C_LANGUAGE_STANDARD = gnu99;
				GCC_DYNAMIC_NO_PIC = NO;
				GCC_NO_COMMON_BLOCKS = YES;
				GCC_OPTIMIZATION_LEVEL = 0;
				GCC_PREPROCESSOR_DEFINITIONS = (
					"DEBUG=1",
					"$(inherited)",
				);
				GCC_WARN_64_TO_32_BIT_CONVERSION = YES;
				GCC_WARN_ABOUT_RETURN_TYPE = YES_ERROR;
				GCC_WARN_UNDECLARED_SELECTOR = YES;
				GCC_WARN_UNINITIALIZED_AUTOS = YES_AGGRESSIVE;
				GCC_WARN_UNUSED_FUNCTION = YES;
				GCC_WARN_UNUSED_VARIABLE = YES;
				IPHONEOS_DEPLOYMENT_TARGET = 9.3;
				MTL_ENABLE_DEBUG_INFO = YES;
				ONLY_ACTIVE_ARCH = YES;
				PROVISIONING_PROFILE = "df9e39a7-b768-4ded-a287-bed4c9c36822";
				SDKROOT = iphoneos;
				SWIFT_OPTIMIZATION_LEVEL = "-Onone";
			};
			name = Debug;
		};
		A9B6538A1D6DE6AF00B06086 /* Release */ = {
			isa = XCBuildConfiguration;
			buildSettings = {
				ALWAYS_SEARCH_USER_PATHS = NO;
				CLANG_ANALYZER_NONNULL = YES;
				CLANG_CXX_LANGUAGE_STANDARD = "gnu++0x";
				CLANG_CXX_LIBRARY = "libc++";
				CLANG_ENABLE_MODULES = YES;
				CLANG_ENABLE_OBJC_ARC = YES;
				CLANG_WARN_BOOL_CONVERSION = YES;
				CLANG_WARN_CONSTANT_CONVERSION = YES;
				CLANG_WARN_DIRECT_OBJC_ISA_USAGE = YES_ERROR;
				CLANG_WARN_EMPTY_BODY = YES;
				CLANG_WARN_ENUM_CONVERSION = YES;
				CLANG_WARN_INT_CONVERSION = YES;
				CLANG_WARN_OBJC_ROOT_CLASS = YES_ERROR;
				CLANG_WARN_UNREACHABLE_CODE = YES;
				CLANG_WARN__DUPLICATE_METHOD_MATCH = YES;
				CODE_SIGN_IDENTITY = "iPhone Developer: Matthew Connor (Q75XJ375N4)";
				"CODE_SIGN_IDENTITY[sdk=iphoneos*]" = "iPhone Developer";
				COPY_PHASE_STRIP = NO;
				DEBUG_INFORMATION_FORMAT = "dwarf-with-dsym";
				ENABLE_NS_ASSERTIONS = NO;
				ENABLE_STRICT_OBJC_MSGSEND = YES;
				GCC_C_LANGUAGE_STANDARD = gnu99;
				GCC_NO_COMMON_BLOCKS = YES;
				GCC_WARN_64_TO_32_BIT_CONVERSION = YES;
				GCC_WARN_ABOUT_RETURN_TYPE = YES_ERROR;
				GCC_WARN_UNDECLARED_SELECTOR = YES;
				GCC_WARN_UNINITIALIZED_AUTOS = YES_AGGRESSIVE;
				GCC_WARN_UNUSED_FUNCTION = YES;
				GCC_WARN_UNUSED_VARIABLE = YES;
				IPHONEOS_DEPLOYMENT_TARGET = 9.3;
				MTL_ENABLE_DEBUG_INFO = NO;
				PROVISIONING_PROFILE = "df9e39a7-b768-4ded-a287-bed4c9c36822";
				SDKROOT = iphoneos;
				VALIDATE_PRODUCT = YES;
			};
			name = Release;
		};
		A9B6538C1D6DE6AF00B06086 /* Debug */ = {
			isa = XCBuildConfiguration;
			buildSettings = {
				ASSETCATALOG_COMPILER_APPICON_NAME = AppIcon;
				INFOPLIST_FILE = ZoomViewController/Info.plist;
				LD_RUNPATH_SEARCH_PATHS = "$(inherited) @executable_path/Frameworks";
				PRODUCT_BUNDLE_IDENTIFIER = com.bumbieris.ZoomViewController;
				PRODUCT_NAME = "$(TARGET_NAME)";
			};
			name = Debug;
		};
		A9B6538D1D6DE6AF00B06086 /* Release */ = {
			isa = XCBuildConfiguration;
			buildSettings = {
				ASSETCATALOG_COMPILER_APPICON_NAME = AppIcon;
				INFOPLIST_FILE = ZoomViewController/Info.plist;
				LD_RUNPATH_SEARCH_PATHS = "$(inherited) @executable_path/Frameworks";
				PRODUCT_BUNDLE_IDENTIFIER = com.bumbieris.ZoomViewController;
				PRODUCT_NAME = "$(TARGET_NAME)";
			};
			name = Release;
		};
/* End XCBuildConfiguration section */

/* Begin XCConfigurationList section */
		A9B653741D6DE6AF00B06086 /* Build configuration list for PBXProject "ZoomViewController" */ = {
			isa = XCConfigurationList;
			buildConfigurations = (
				A9B653891D6DE6AF00B06086 /* Debug */,
				A9B6538A1D6DE6AF00B06086 /* Release */,
			);
			defaultConfigurationIsVisible = 0;
			defaultConfigurationName = Release;
		};
		A9B6538B1D6DE6AF00B06086 /* Build configuration list for PBXNativeTarget "ZoomViewController" */ = {
			isa = XCConfigurationList;
			buildConfigurations = (
				A9B6538C1D6DE6AF00B06086 /* Debug */,
				A9B6538D1D6DE6AF00B06086 /* Release */,
			);
			defaultConfigurationIsVisible = 0;
		};
/* End XCConfigurationList section */
	};
	rootObject = A9B653711D6DE6AF00B06086 /* Project object */;
}
